
Microsoft Visual Studio Solution File, Format Version 12.00
# Visual Studio 2013
Project("{FAE04EC0-301F-11D3-BF4B-00C04F79EFBC}") = "UnityVS.UnityDemo.CSharp", "UnityVS.UnityDemo.CSharp.csproj", "{53C9C7DA-2298-8518-1AF3-3DD6B57B2AC1}"
EndProject
Project("{FAE04EC0-301F-11D3-BF4B-00C04F79EFBC}") = "UnityVS.UnityDemo.CSharp.Editor", "UnityVS.UnityDemo.CSharp.Editor.csproj", "{15E96C7A-E53F-84BC-9B2C-F78D54B374E6}"
EndProject
Global
	GlobalSection(SolutionConfigurationPlatforms) = preSolution
		Debug|Any CPU = Debug|Any CPU
		Release|Any CPU = Release|Any CPU
	EndGlobalSection
	GlobalSection(ProjectConfigurationPlatforms) = postSolution
		{53C9C7DA-2298-8518-1AF3-3DD6B57B2AC1}.Debug|Any CPU.ActiveCfg = Debug|Any CPU
		{53C9C7DA-2298-8518-1AF3-3DD6B57B2AC1}.Debug|Any CPU.Build.0 = Debug|Any CPU
		{53C9C7DA-2298-8518-1AF3-3DD6B57B2AC1}.Release|Any CPU.ActiveCfg = Release|Any CPU
		{53C9C7DA-2298-8518-1AF3-3DD6B57B2AC1}.Release|Any CPU.Build.0 = Release|Any CPU
		{15E96C7A-E53F-84BC-9B2C-F78D54B374E6}.Debug|Any CPU.ActiveCfg = Debug|Any CPU
		{15E96C7A-E53F-84BC-9B2C-F78D54B374E6}.Debug|Any CPU.Build.0 = Debug|Any CPU
		{15E96C7A-E53F-84BC-9B2C-F78D54B374E6}.Release|Any CPU.ActiveCfg = Release|Any CPU
		{15E96C7A-E53F-84BC-9B2C-F78D54B374E6}.Release|Any CPU.Build.0 = Release|Any CPU
	EndGlobalSection
	GlobalSection(SolutionProperties) = preSolution
		HideSolutionNode = FALSE
	EndGlobalSection
EndGlobal
